
Microsoft Visual Studio Solution File, Format Version 12.00
# Visual Studio Version 16
VisualStudioVersion = 16.0.29230.47
MinimumVisualStudioVersion = 10.0.40219.1
Project("{FAE04EC0-301F-11D3-BF4B-00C04F79EFBC}") = "Single_Dimensional_Array_Example", "Single_Dimensional_Array_Example\Single_Dimensional_Array_Example.csproj", "{378B6447-51FC-4D59-91C7-D1DAE9622A76}"
EndProject
Global
	GlobalSection(SolutionConfigurationPlatforms) = preSolution
		Debug|Any CPU = Debug|Any CPU
		Release|Any CPU = Release|Any CPU
	EndGlobalSection
	GlobalSection(ProjectConfigurationPlatforms) = postSolution
		{378B6447-51FC-4D59-91C7-D1DAE9622A76}.Debug|Any CPU.ActiveCfg = Debug|Any CPU
		{378B6447-51FC-4D59-91C7-D1DAE9622A76}.Debug|Any CPU.Build.0 = Debug|Any CPU
		{378B6447-51FC-4D59-91C7-D1DAE9622A76}.Release|Any CPU.ActiveCfg = Release|Any CPU
		{378B6447-51FC-4D59-91C7-D1DAE9622A76}.Release|Any CPU.Build.0 = Release|Any CPU
	EndGlobalSection
	GlobalSection(SolutionProperties) = preSolution
		HideSolutionNode = FALSE
	EndGlobalSection
	GlobalSection(ExtensibilityGlobals) = postSolution
		SolutionGuid = {D52E8FB3-029D-47FA-A202-0B4693045AE8}
	EndGlobalSection
EndGlobal
